
Microsoft Visual Studio Solution File, Format Version 12.00
# Visual Studio Version 16
VisualStudioVersion = 25.0.1703.6
MinimumVisualStudioVersion = 10.0.40219.1
Project("{FAE04EC0-301F-11D3-BF4B-00C04F79EFBC}") = "HashTables", "HashTables\HashTables.csproj", "{44AFB8D1-BAC9-4EB3-8505-9426F0B17591}"
EndProject
Global
	GlobalSection(SolutionConfigurationPlatforms) = preSolution
		Debug|Any CPU = Debug|Any CPU
		Release|Any CPU = Release|Any CPU
	EndGlobalSection
	GlobalSection(ProjectConfigurationPlatforms) = postSolution
		{44AFB8D1-BAC9-4EB3-8505-9426F0B17591}.Debug|Any CPU.ActiveCfg = Debug|Any CPU
		{44AFB8D1-BAC9-4EB3-8505-9426F0B17591}.Debug|Any CPU.Build.0 = Debug|Any CPU
		{44AFB8D1-BAC9-4EB3-8505-9426F0B17591}.Release|Any CPU.ActiveCfg = Release|Any CPU
		{44AFB8D1-BAC9-4EB3-8505-9426F0B17591}.Release|Any CPU.Build.0 = Release|Any CPU
	EndGlobalSection
	GlobalSection(SolutionProperties) = preSolution
		HideSolutionNode = FALSE
	EndGlobalSection
	GlobalSection(ExtensibilityGlobals) = postSolution
		SolutionGuid = {C0DA7D3D-D2AC-4508-91BC-105579C9B70D}
	EndGlobalSection
EndGlobal
