
Microsoft Visual Studio Solution File, Format Version 12.00
# Visual Studio Version 16
VisualStudioVersion = 25.0.1703.6
MinimumVisualStudioVersion = 10.0.40219.1
Project("{FAE04EC0-301F-11D3-BF4B-00C04F79EFBC}") = "AccessModifiers", "AccessModifiers\AccessModifiers.csproj", "{CD9D0124-0BCE-49B2-9051-A61A8E2641AE}"
EndProject
Global
	GlobalSection(SolutionConfigurationPlatforms) = preSolution
		Debug|Any CPU = Debug|Any CPU
		Release|Any CPU = Release|Any CPU
	EndGlobalSection
	GlobalSection(ProjectConfigurationPlatforms) = postSolution
		{CD9D0124-0BCE-49B2-9051-A61A8E2641AE}.Debug|Any CPU.ActiveCfg = Debug|Any CPU
		{CD9D0124-0BCE-49B2-9051-A61A8E2641AE}.Debug|Any CPU.Build.0 = Debug|Any CPU
		{CD9D0124-0BCE-49B2-9051-A61A8E2641AE}.Release|Any CPU.ActiveCfg = Release|Any CPU
		{CD9D0124-0BCE-49B2-9051-A61A8E2641AE}.Release|Any CPU.Build.0 = Release|Any CPU
	EndGlobalSection
	GlobalSection(SolutionProperties) = preSolution
		HideSolutionNode = FALSE
	EndGlobalSection
	GlobalSection(ExtensibilityGlobals) = postSolution
		SolutionGuid = {E38C8599-26DE-44B6-AE66-411D893519C7}
	EndGlobalSection
EndGlobal
